// !$*UTF8*$!
{
	archiveVersion = 1;
	classes = {
	};
	objectVersion = 56;
	objects = {

/* Begin PBXBuildFile section */
		0E0EE1A32B88032900D1D58B /* projectApp.swift in Sources */ = {isa = PBXBuildFile; fileRef = 0E0EE1A22B88032900D1D58B /* projectApp.swift */; };
		0E0EE1A52B88032900D1D58B /* ContentView.swift in Sources */ = {isa = PBXBuildFile; fileRef = 0E0EE1A42B88032900D1D58B /* ContentView.swift */; };
		0E0EE1A72B88032A00D1D58B /* Assets.xcassets in Resources */ = {isa = PBXBuildFile; fileRef = 0E0EE1A62B88032A00D1D58B /* Assets.xcassets */; };
		0E0EE1AA2B88032A00D1D58B /* Preview Assets.xcassets in Resources */ = {isa = PBXBuildFile; fileRef = 0E0EE1A92B88032A00D1D58B /* Preview Assets.xcassets */; };
		0E0EE1B52B88032A00D1D58B /* projectTests.swift in Sources */ = {isa = PBXBuildFile; fileRef = 0E0EE1B42B88032A00D1D58B /* projectTests.swift */; };
		0E0EE1BF2B88032A00D1D58B /* projectUITests.swift in Sources */ = {isa = PBXBuildFile; fileRef = 0E0EE1BE2B88032A00D1D58B /* projectUITests.swift */; };
		0E0EE1C12B88032A00D1D58B /* projectUITestsLaunchTests.swift in Sources */ = {isa = PBXBuildFile; fileRef = 0E0EE1C02B88032A00D1D58B /* projectUITestsLaunchTests.swift */; };
/* End PBXBuildFile section */

/* Begin PBXContainerItemProxy section */
		0E0EE1B12B88032A00D1D58B /* PBXContainerItemProxy */ = {
			isa = PBXContainerItemProxy;
			containerPortal = 0E0EE1972B88032900D1D58B /* Project object */;
			proxyType = 1;
			remoteGlobalIDString = 0E0EE19E2B88032900D1D58B;
			remoteInfo = project;
		};
		0E0EE1BB2B88032A00D1D58B /* PBXContainerItemProxy */ = {
			isa = PBXContainerItemProxy;
			containerPortal = 0E0EE1972B88032900D1D58B /* Project object */;
			proxyType = 1;
			remoteGlobalIDString = 0E0EE19E2B88032900D1D58B;
			remoteInfo = project;
		};
/* End PBXContainerItemProxy section */

/* Begin PBXFileReference section */
		0E0EE19F2B88032900D1D58B /* project.app */ = {isa = PBXFileReference; explicitFileType = wrapper.application; includeInIndex = 0; path = project.app; sourceTree = BUILT_PRODUCTS_DIR; };
		0E0EE1A22B88032900D1D58B /* projectApp.swift */ = {isa = PBXFileReference; lastKnownFileType = sourcecode.swift; path = projectApp.swift; sourceTree = "<group>"; };
		0E0EE1A42B88032900D1D58B /* ContentView.swift */ = {isa = PBXFileReference; lastKnownFileType = sourcecode.swift; path = ContentView.swift; sourceTree = "<group>"; };
		0E0EE1A62B88032A00D1D58B /* Assets.xcassets */ = {isa = PBXFileReference; lastKnownFileType = folder.assetcatalog; path = Assets.xcassets; sourceTree = "<group>"; };
		0E0EE1A92B88032A00D1D58B /* Preview Assets.xcassets */ = {isa = PBXFileReference; lastKnownFileType = folder.assetcatalog; path = "Preview Assets.xcassets"; sourceTree = "<group>"; };
		0E0EE1AB2B88032A00D1D58B /* project.entitlements */ = {isa = PBXFileReference; lastKnownFileType = text.plist.entitlements; path = project.entitlements; sourceTree = "<group>"; };
		0E0EE1B02B88032A00D1D58B /* projectTests.xctest */ = {isa = PBXFileReference; explicitFileType = wrapper.cfbundle; includeInIndex = 0; path = projectTests.xctest; sourceTree = BUILT_PRODUCTS_DIR; };
		0E0EE1B42B88032A00D1D58B /* projectTests.swift */ = {isa = PBXFileReference; lastKnownFileType = sourcecode.swift; path = projectTests.swift; sourceTree = "<group>"; };
		0E0EE1BA2B88032A00D1D58B /* projectUITests.xctest */ = {isa = PBXFileReference; explicitFileType = wrapper.cfbundle; includeInIndex = 0; path = projectUITests.xctest; sourceTree = BUILT_PRODUCTS_DIR; };
		0E0EE1BE2B88032A00D1D58B /* projectUITests.swift */ = {isa = PBXFileReference; lastKnownFileType = sourcecode.swift; path = projectUITests.swift; sourceTree = "<group>"; };
		0E0EE1C02B88032A00D1D58B /* projectUITestsLaunchTests.swift */ = {isa = PBXFileReference; lastKnownFileType = sourcecode.swift; path = projectUITestsLaunchTests.swift; sourceTree = "<group>"; };
/* End PBXFileReference section */

/* Begin PBXFrameworksBuildPhase section */
		0E0EE19C2B88032900D1D58B /* Frameworks */ = {
			isa = PBXFrameworksBuildPhase;
			buildActionMask = 2147483647;
			files = (
			);
			runOnlyForDeploymentPostprocessing = 0;
		};
		0E0EE1AD2B88032A00D1D58B /* Frameworks */ = {
			isa = PBXFrameworksBuildPhase;
			buildActionMask = 2147483647;
			files = (
			);
			runOnlyForDeploymentPostprocessing = 0;
		};
		0E0EE1B72B88032A00D1D58B /* Frameworks */ = {
			isa = PBXFrameworksBuildPhase;
			buildActionMask = 2147483647;
			files = (
			);
			runOnlyForDeploymentPostprocessing = 0;
		};
/* End PBXFrameworksBuildPhase section */

/* Begin PBXGroup section */
		0E0EE1962B88032900D1D58B = {
			isa = PBXGroup;
			children = (
				0E0EE1A12B88032900D1D58B /* project */,
				0E0EE1B32B88032A00D1D58B /* projectTests */,
				0E0EE1BD2B88032A00D1D58B /* projectUITests */,
				0E0EE1A02B88032900D1D58B /* Products */,
				0ED9E12E2B8C7EB500A1B2C3 /* Frameworks */,
			);
			sourceTree = "<group>";
		};
		0E0EE1A02B88032900D1D58B /* Products */ = {
			isa = PBXGroup;
			children = (
				0E0EE19F2B88032900D1D58B /* project.app */,
				0E0EE1B02B88032A00D1D58B /* projectTests.xctest */,
				0E0EE1BA2B88032A00D1D58B /* projectUITests.xctest */,
			);
			name = Products;
			sourceTree = "<group>";
		};
		0E0EE1A12B88032900D1D58B /* project */ = {
			isa = PBXGroup;
			children = (
				0E0EE1A22B88032900D1D58B /* projectApp.swift */,
				0E0EE1A42B88032900D1D58B /* ContentView.swift */,
				0E0EE1A62B88032A00D1D58B /* Assets.xcassets */,
				0E0EE1AB2B88032A00D1D58B /* project.entitlements */,
				0E0EE1A82B88032A00D1D58B /* Preview Content */,
			);
			path = project;
			sourceTree = "<group>";
		};
		0E0EE1A82B88032A00D1D58B /* Preview Content */ = {
			isa = PBXGroup;
			children = (
				0E0EE1A92B88032A00D1D58B /* Preview Assets.xcassets */,
			);
			path = "Preview Content";
			sourceTree = "<group>";
		};
		0E0EE1B32B88032A00D1D58B /* projectTests */ = {
			isa = PBXGroup;
			children = (
				0E0EE1B42B88032A00D1D58B /* projectTests.swift */,
			);
			path = projectTests;
			sourceTree = "<group>";
		};
		0E0EE1BD2B88032A00D1D58B /* projectUITests */ = {
			isa = PBXGroup;
			children = (
				0E0EE1BE2B88032A00D1D58B /* projectUITests.swift */,
				0E0EE1C02B88032A00D1D58B /* projectUITestsLaunchTests.swift */,
			);
			path = projectUITests;
			sourceTree = "<group>";
		};
		0ED9E12E2B8C7EB500A1B2C3 /* Frameworks */ = {
			isa = PBXGroup;
			children = (
			);
			name = Frameworks;
			sourceTree = "<group>";
		};
/* End PBXGroup section */

/* Begin PBXNativeTarget section */
		0E0EE19E2B88032900D1D58B /* project */ = {
			isa = PBXNativeTarget;
			buildConfigurationList = 0E0EE1C42B88032A00D1D58B /* Build configuration list for PBXNativeTarget "project" */;
			buildPhases = (
				0E0EE19B2B88032900D1D58B /* Sources */,
				0E0EE19C2B88032900D1D58B /* Frameworks */,
				0E0EE19D2B88032900D1D58B /* Resources */,
			);
			buildRules = (
			);
			dependencies = (
			);
			name = project;
			productName = project;
			productReference = 0E0EE19F2B88032900D1D58B /* project.app */;
			productType = "com.apple.product-type.application";
		};
		0E0EE1AF2B88032A00D1D58B /* projectTests */ = {
			isa = PBXNativeTarget;
			buildConfigurationList = 0E0EE1C72B88032A00D1D58B /* Build configuration list for PBXNativeTarget "projectTests" */;
			buildPhases = (
				0E0EE1AC2B88032A00D1D58B /* Sources */,
				0E0EE1AD2B88032A00D1D58B /* Frameworks */,
				0E0EE1AE2B88032A00D1D58B /* Resources */,
			);
			buildRules = (
			);
			dependencies = (
				0E0EE1B22B88032A00D1D58B /* PBXTargetDependency */,
			);
			name = projectTests;
			productName = projectTests;
			productReference = 0E0EE1B02B88032A00D1D58B /* projectTests.xctest */;
			productType = "com.apple.product-type.bundle.unit-test";
		};
		0E0EE1B92B88032A00D1D58B /* projectUITests */ = {
			isa = PBXNativeTarget;
			buildConfigurationList = 0E0EE1CA2B88032A00D1D58B /* Build configuration list for PBXNativeTarget "projectUITests" */;
			buildPhases = (
				0E0EE1B62B88032A00D1D58B /* Sources */,
				0E0EE1B72B88032A00D1D58B /* Frameworks */,
				0E0EE1B82B88032A00D1D58B /* Resources */,
			);
			buildRules = (
			);
			dependencies = (
				0E0EE1BC2B88032A00D1D58B /* PBXTargetDependency */,
			);
			name = projectUITests;
			productName = projectUITests;
			productReference = 0E0EE1BA2B88032A00D1D58B /* projectUITests.xctest */;
			productType = "com.apple.product-type.bundle.ui-testing";
		};
/* End PBXNativeTarget section */

/* Begin PBXProject section */
		0E0EE1972B88032900D1D58B /* Project object */ = {
			isa = PBXProject;
			attributes = {
				BuildIndependentTargetsInParallel = 1;
				KnownAssetTags = (
					New,
				);
				LastSwiftUpdateCheck = 1520;
				LastUpgradeCheck = 1520;
				TargetAttributes = {
					0E0EE19E2B88032900D1D58B = {
						CreatedOnToolsVersion = 15.2;
					};
					0E0EE1AF2B88032A00D1D58B = {
						CreatedOnToolsVersion = 15.2;
						TestTargetID = 0E0EE19E2B88032900D1D58B;
					};
					0E0EE1B92B88032A00D1D58B = {
						CreatedOnToolsVersion = 15.2;
						TestTargetID = 0E0EE19E2B88032900D1D58B;
					};
				};
			};
			buildConfigurationList = 0E0EE19A2B88032900D1D58B /* Build configuration list for PBXProject "project" */;
			compatibilityVersion = "Xcode 14.0";
			developmentRegion = en;
			hasScannedForEncodings = 0;
			knownRegions = (
				en,
				Base,
			);
			mainGroup = 0E0EE1962B88032900D1D58B;
			productRefGroup = 0E0EE1A02B88032900D1D58B /* Products */;
			projectDirPath = "";
			projectRoot = "";
			targets = (
				0E0EE19E2B88032900D1D58B /* project */,
				0E0EE1AF2B88032A00D1D58B /* projectTests */,
				0E0EE1B92B88032A00D1D58B /* projectUITests */,
			);
		};
/* End PBXProject section */

/* Begin PBXResourcesBuildPhase section */
		0E0EE19D2B88032900D1D58B /* Resources */ = {
			isa = PBXResourcesBuildPhase;
			buildActionMask = 2147483647;
			files = (
				0E0EE1AA2B88032A00D1D58B /* Preview Assets.xcassets in Resources */,
				0E0EE1A72B88032A00D1D58B /* Assets.xcassets in Resources */,
			);
			runOnlyForDeploymentPostprocessing = 0;
		};
		0E0EE1AE2B88032A00D1D58B /* Resources */ = {
			isa = PBXResourcesBuildPhase;
			buildActionMask = 2147483647;
			files = (
			);
			runOnlyForDeploymentPostprocessing = 0;
		};
		0E0EE1B82B88032A00D1D58B /* Resources */ = {
			isa = PBXResourcesBuildPhase;
			buildActionMask = 2147483647;
			files = (
			);
			runOnlyForDeploymentPostprocessing = 0;
		};
/* End PBXResourcesBuildPhase section */

/* Begin PBXSourcesBuildPhase section */
		0E0EE19B2B88032900D1D58B /* Sources */ = {
			isa = PBXSourcesBuildPhase;
			buildActionMask = 2147483647;
			files = (
				0E0EE1A52B88032900D1D58B /* ContentView.swift in Sources */,
				0E0EE1A32B88032900D1D58B /* projectApp.swift in Sources */,
			);
			runOnlyForDeploymentPostprocessing = 0;
		};
		0E0EE1AC2B88032A00D1D58B /* Sources */ = {
			isa = PBXSourcesBuildPhase;
			buildActionMask = 2147483647;
			files = (
				0E0EE1B52B88032A00D1D58B /* projectTests.swift in Sources */,
			);
			runOnlyForDeploymentPostprocessing = 0;
		};
		0E0EE1B62B88032A00D1D58B /* Sources */ = {
			isa = PBXSourcesBuildPhase;
			buildActionMask = 2147483647;
			files = (
				0E0EE1C12B88032A00D1D58B /* projectUITestsLaunchTests.swift in Sources */,
				0E0EE1BF2B88032A00D1D58B /* projectUITests.swift in Sources */,
			);
			runOnlyForDeploymentPostprocessing = 0;
		};
/* End PBXSourcesBuildPhase section */

/* Begin PBXTargetDependency section */
		0E0EE1B22B88032A00D1D58B /* PBXTargetDependency */ = {
			isa = PBXTargetDependency;
			target = 0E0EE19E2B88032900D1D58B /* project */;
			targetProxy = 0E0EE1B12B88032A00D1D58B /* PBXContainerItemProxy */;
		};
		0E0EE1BC2B88032A00D1D58B /* PBXTargetDependency */ = {
			isa = PBXTargetDependency;
			target = 0E0EE19E2B88032900D1D58B /* project */;
			targetProxy = 0E0EE1BB2B88032A00D1D58B /* PBXContainerItemProxy */;
		};
/* End PBXTargetDependency section */

/* Begin XCBuildConfiguration section */
		0E0EE1C22B88032A00D1D58B /* Debug */ = {
			isa = XCBuildConfiguration;
			buildSettings = {
				ALWAYS_SEARCH_USER_PATHS = NO;
				ASSETCATALOG_COMPILER_GENERATE_SWIFT_ASSET_SYMBOL_EXTENSIONS = YES;
				CLANG_ANALYZER_NONNULL = YES;
				CLANG_ANALYZER_NUMBER_OBJECT_CONVERSION = YES_AGGRESSIVE;
				CLANG_CXX_LANGUAGE_STANDARD = "gnu++20";
				CLANG_ENABLE_MODULES = YES;
				CLANG_ENABLE_OBJC_ARC = YES;
				CLANG_ENABLE_OBJC_WEAK = YES;
				CLANG_WARN_BLOCK_CAPTURE_AUTORELEASING = YES;
				CLANG_WARN_BOOL_CONVERSION = YES;
				CLANG_WARN_COMMA = YES;
				CLANG_WARN_CONSTANT_CONVERSION = YES;
				CLANG_WARN_DEPRECATED_OBJC_IMPLEMENTATIONS = YES;
				CLANG_WARN_DIRECT_OBJC_ISA_USAGE = YES_ERROR;
				CLANG_WARN_DOCUMENTATION_COMMENTS = YES;
				CLANG_WARN_EMPTY_BODY = YES;
				CLANG_WARN_ENUM_CONVERSION = YES;
				CLANG_WARN_INFINITE_RECURSION = YES;
				CLANG_WARN_INT_CONVERSION = YES;
				CLANG_WARN_NON_LITERAL_NULL_CONVERSION = YES;
				CLANG_WARN_OBJC_IMPLICIT_RETAIN_SELF = YES;
				CLANG_WARN_OBJC_LITERAL_CONVERSION = YES;
				CLANG_WARN_OBJC_ROOT_CLASS = YES_ERROR;
				CLANG_WARN_QUOTED_INCLUDE_IN_FRAMEWORK_HEADER = YES;
				CLANG_WARN_RANGE_LOOP_ANALYSIS = YES;
				CLANG_WARN_STRICT_PROTOTYPES = YES;
				CLANG_WARN_SUSPICIOUS_MOVE = YES;
				CLANG_WARN_UNGUARDED_AVAILABILITY = YES_AGGRESSIVE;
				CLANG_WARN_UNREACHABLE_CODE = YES;
				CLANG_WARN__DUPLICATE_METHOD_MATCH = YES;
				COPY_PHASE_STRIP = NO;
				DEBUG_INFORMATION_FORMAT = dwarf;
				ENABLE_STRICT_OBJC_MSGSEND = YES;
				ENABLE_TESTABILITY = YES;
				ENABLE_USER_SCRIPT_SANDBOXING = YES;
				GCC_C_LANGUAGE_STANDARD = gnu17;
				GCC_DYNAMIC_NO_PIC = NO;
				GCC_NO_COMMON_BLOCKS = YES;
				GCC_OPTIMIZATION_LEVEL = 0;
				GCC_PREPROCESSOR_DEFINITIONS = (
					"DEBUG=1",
					"$(inherited)",
				);
				GCC_WARN_64_TO_32_BIT_CONVERSION = YES;
				GCC_WARN_ABOUT_RETURN_TYPE = YES_ERROR;
				GCC_WARN_UNDECLARED_SELECTOR = YES;
				GCC_WARN_UNINITIALIZED_AUTOS = YES_AGGRESSIVE;
				GCC_WARN_UNUSED_FUNCTION = YES;
				GCC_WARN_UNUSED_VARIABLE = YES;
				LOCALIZATION_PREFERS_STRING_CATALOGS = YES;
				MACOSX_DEPLOYMENT_TARGET = 13.6;
				MTL_ENABLE_DEBUG_INFO = INCLUDE_SOURCE;
				MTL_FAST_MATH = YES;
				ONLY_ACTIVE_ARCH = YES;
				SDKROOT = macosx;
				SWIFT_ACTIVE_COMPILATION_CONDITIONS = "DEBUG $(inherited)";
				SWIFT_OPTIMIZATION_LEVEL = "-Onone";
			};
			name = Debug;
		};
		0E0EE1C32B88032A00D1D58B /* Release */ = {
			isa = XCBuildConfiguration;
			buildSettings = {
				ALWAYS_SEARCH_USER_PATHS = NO;
				ASSETCATALOG_COMPILER_GENERATE_SWIFT_ASSET_SYMBOL_EXTENSIONS = YES;
				CLANG_ANALYZER_NONNULL = YES;
				CLANG_ANALYZER_NUMBER_OBJECT_CONVERSION = YES_AGGRESSIVE;
				CLANG_CXX_LANGUAGE_STANDARD = "gnu++20";
				CLANG_ENABLE_MODULES = YES;
				CLANG_ENABLE_OBJC_ARC = YES;
				CLANG_ENABLE_OBJC_WEAK = YES;
				CLANG_WARN_BLOCK_CAPTURE_AUTORELEASING = YES;
				CLANG_WARN_BOOL_CONVERSION = YES;
				CLANG_WARN_COMMA = YES;
				CLANG_WARN_CONSTANT_CONVERSION = YES;
				CLANG_WARN_DEPRECATED_OBJC_IMPLEMENTATIONS = YES;
				CLANG_WARN_DIRECT_OBJC_ISA_USAGE = YES_ERROR;
				CLANG_WARN_DOCUMENTATION_COMMENTS = YES;
				CLANG_WARN_EMPTY_BODY = YES;
				CLANG_WARN_ENUM_CONVERSION = YES;
				CLANG_WARN_INFINITE_RECURSION = YES;
				CLANG_WARN_INT_CONVERSION = YES;
				CLANG_WARN_NON_LITERAL_NULL_CONVERSION = YES;
				CLANG_WARN_OBJC_IMPLICIT_RETAIN_SELF = YES;
				CLANG_WARN_OBJC_LITERAL_CONVERSION = YES;
				CLANG_WARN_OBJC_ROOT_CLASS = YES_ERROR;
				CLANG_WARN_QUOTED_INCLUDE_IN_FRAMEWORK_HEADER = YES;
				CLANG_WARN_RANGE_LOOP_ANALYSIS = YES;
				CLANG_WARN_STRICT_PROTOTYPES = YES;
				CLANG_WARN_SUSPICIOUS_MOVE = YES;
				CLANG_WARN_UNGUARDED_AVAILABILITY = YES_AGGRESSIVE;
				CLANG_WARN_UNREACHABLE_CODE = YES;
				CLANG_WARN__DUPLICATE_METHOD_MATCH = YES;
				COPY_PHASE_STRIP = NO;
				DEBUG_INFORMATION_FORMAT = "dwarf-with-dsym";
				ENABLE_NS_ASSERTIONS = NO;
				ENABLE_STRICT_OBJC_MSGSEND = YES;
				ENABLE_USER_SCRIPT_SANDBOXING = YES;
				GCC_C_LANGUAGE_STANDARD = gnu17;
				GCC_NO_COMMON_BLOCKS = YES;
				GCC_WARN_64_TO_32_BIT_CONVERSION = YES;
				GCC_WARN_ABOUT_RETURN_TYPE = YES_ERROR;
				GCC_WARN_UNDECLARED_SELECTOR = YES;
				GCC_WARN_UNINITIALIZED_AUTOS = YES_AGGRESSIVE;
				GCC_WARN_UNUSED_FUNCTION = YES;
				GCC_WARN_UNUSED_VARIABLE = YES;
				LOCALIZATION_PREFERS_STRING_CATALOGS = YES;
				MACOSX_DEPLOYMENT_TARGET = 13.6;
				MTL_ENABLE_DEBUG_INFO = NO;
				MTL_FAST_MATH = YES;
				SDKROOT = macosx;
				SWIFT_COMPILATION_MODE = wholemodule;
			};
			name = Release;
		};
		0E0EE1C52B88032A00D1D58B /* Debug */ = {
			isa = XCBuildConfiguration;
			buildSettings = {
				ASSETCATALOG_COMPILER_APPICON_NAME = AppIcon;
				ASSETCATALOG_COMPILER_GLOBAL_ACCENT_COLOR_NAME = AccentColor;
				CODE_SIGN_ENTITLEMENTS = project/project.entitlements;
				CODE_SIGN_STYLE = Automatic;
				COMBINE_HIDPI_IMAGES = YES;
				CURRENT_PROJECT_VERSION = 1;
				DEVELOPMENT_ASSET_PATHS = "\"project/Preview Content\"";
				ENABLE_PREVIEWS = YES;
				GENERATE_INFOPLIST_FILE = YES;
				INFOPLIST_KEY_NSHumanReadableCopyright = "";
				LD_RUNPATH_SEARCH_PATHS = (
					"$(inherited)",
					"@executable_path/../Frameworks",
				);
				MARKETING_VERSION = 1.0;
				PRODUCT_BUNDLE_IDENTIFIER = p.project;
				PRODUCT_NAME = "$(TARGET_NAME)";
				SWIFT_EMIT_LOC_STRINGS = YES;
				SWIFT_VERSION = 5.0;
			};
			name = Debug;
		};
		0E0EE1C62B88032A00D1D58B /* Release */ = {
			isa = XCBuildConfiguration;
			buildSettings = {
				ASSETCATALOG_COMPILER_APPICON_NAME = AppIcon;
				ASSETCATALOG_COMPILER_GLOBAL_ACCENT_COLOR_NAME = AccentColor;
				CODE_SIGN_ENTITLEMENTS = project/project.entitlements;
				CODE_SIGN_STYLE = Automatic;
				COMBINE_HIDPI_IMAGES = YES;
				CURRENT_PROJECT_VERSION = 1;
				DEVELOPMENT_ASSET_PATHS = "\"project/Preview Content\"";
				ENABLE_PREVIEWS = YES;
				GENERATE_INFOPLIST_FILE = YES;
				INFOPLIST_KEY_NSHumanReadableCopyright = "";
				LD_RUNPATH_SEARCH_PATHS = (
					"$(inherited)",
					"@executable_path/../Frameworks",
				);
				MARKETING_VERSION = 1.0;
				PRODUCT_BUNDLE_IDENTIFIER = p.project;
				PRODUCT_NAME = "$(TARGET_NAME)";
				SWIFT_EMIT_LOC_STRINGS = YES;
				SWIFT_VERSION = 5.0;
			};
			name = Release;
		};
		0E0EE1C82B88032A00D1D58B /* Debug */ = {
			isa = XCBuildConfiguration;
			buildSettings = {
				ALWAYS_EMBED_SWIFT_STANDARD_LIBRARIES = YES;
				BUNDLE_LOADER = "$(TEST_HOST)";
				CODE_SIGN_STYLE = Automatic;
				CURRENT_PROJECT_VERSION = 1;
				GENERATE_INFOPLIST_FILE = YES;
				MACOSX_DEPLOYMENT_TARGET = 13.6;
				MARKETING_VERSION = 1.0;
				PRODUCT_BUNDLE_IDENTIFIER = p.projectTests;
				PRODUCT_NAME = "$(TARGET_NAME)";
				SWIFT_EMIT_LOC_STRINGS = NO;
				SWIFT_VERSION = 5.0;
				TEST_HOST = "$(BUILT_PRODUCTS_DIR)/project.app/$(BUNDLE_EXECUTABLE_FOLDER_PATH)/project";
			};
			name = Debug;
		};
		0E0EE1C92B88032A00D1D58B /* Release */ = {
			isa = XCBuildConfiguration;
			buildSettings = {
				ALWAYS_EMBED_SWIFT_STANDARD_LIBRARIES = YES;
				BUNDLE_LOADER = "$(TEST_HOST)";
				CODE_SIGN_STYLE = Automatic;
				CURRENT_PROJECT_VERSION = 1;
				GENERATE_INFOPLIST_FILE = YES;
				MACOSX_DEPLOYMENT_TARGET = 13.6;
				MARKETING_VERSION = 1.0;
				PRODUCT_BUNDLE_IDENTIFIER = p.projectTests;
				PRODUCT_NAME = "$(TARGET_NAME)";
				SWIFT_EMIT_LOC_STRINGS = NO;
				SWIFT_VERSION = 5.0;
				TEST_HOST = "$(BUILT_PRODUCTS_DIR)/project.app/$(BUNDLE_EXECUTABLE_FOLDER_PATH)/project";
			};
			name = Release;
		};
		0E0EE1CB2B88032A00D1D58B /* Debug */ = {
			isa = XCBuildConfiguration;
			buildSettings = {
				ALWAYS_EMBED_SWIFT_STANDARD_LIBRARIES = YES;
				CODE_SIGN_STYLE = Automatic;
				CURRENT_PROJECT_VERSION = 1;
				GENERATE_INFOPLIST_FILE = YES;
				MARKETING_VERSION = 1.0;
				PRODUCT_BUNDLE_IDENTIFIER = p.projectUITests;
				PRODUCT_NAME = "$(TARGET_NAME)";
				SWIFT_EMIT_LOC_STRINGS = NO;
				SWIFT_VERSION = 5.0;
				TEST_TARGET_NAME = project;
			};
			name = Debug;
		};
		0E0EE1CC2B88032A00D1D58B /* Release */ = {
			isa = XCBuildConfiguration;
			buildSettings = {
				ALWAYS_EMBED_SWIFT_STANDARD_LIBRARIES = YES;
				CODE_SIGN_STYLE = Automatic;
				CURRENT_PROJECT_VERSION = 1;
				GENERATE_INFOPLIST_FILE = YES;
				MARKETING_VERSION = 1.0;
				PRODUCT_BUNDLE_IDENTIFIER = p.projectUITests;
				PRODUCT_NAME = "$(TARGET_NAME)";
				SWIFT_EMIT_LOC_STRINGS = NO;
				SWIFT_VERSION = 5.0;
				TEST_TARGET_NAME = project;
			};
			name = Release;
		};
/* End XCBuildConfiguration section */

/* Begin XCConfigurationList section */
		0E0EE19A2B88032900D1D58B /* Build configuration list for PBXProject "project" */ = {
			isa = XCConfigurationList;
			buildConfigurations = (
				0E0EE1C22B88032A00D1D58B /* Debug */,
				0E0EE1C32B88032A00D1D58B /* Release */,
			);
			defaultConfigurationIsVisible = 0;
			defaultConfigurationName = Release;
		};
		0E0EE1C42B88032A00D1D58B /* Build configuration list for PBXNativeTarget "project" */ = {
			isa = XCConfigurationList;
			buildConfigurations = (
				0E0EE1C52B88032A00D1D58B /* Debug */,
				0E0EE1C62B88032A00D1D58B /* Release */,
			);
			defaultConfigurationIsVisible = 0;
			defaultConfigurationName = Release;
		};
		0E0EE1C72B88032A00D1D58B /* Build configuration list for PBXNativeTarget "projectTests" */ = {
			isa = XCConfigurationList;
			buildConfigurations = (
				0E0EE1C82B88032A00D1D58B /* Debug */,
				0E0EE1C92B88032A00D1D58B /* Release */,
			);
			defaultConfigurationIsVisible = 0;
			defaultConfigurationName = Release;
		};
		0E0EE1CA2B88032A00D1D58B /* Build configuration list for PBXNativeTarget "projectUITests" */ = {
			isa = XCConfigurationList;
			buildConfigurations = (
				0E0EE1CB2B88032A00D1D58B /* Debug */,
				0E0EE1CC2B88032A00D1D58B /* Release */,
			);
			defaultConfigurationIsVisible = 0;
			defaultConfigurationName = Release;
		};
/* End XCConfigurationList section */
	};
	rootObject = 0E0EE1972B88032900D1D58B /* Project object */;
}
