// !$*UTF8*$!
{
	archiveVersion = 1;
	classes = {
	};
	objectVersion = 56;
	objects = {

/* Begin PBXBuildFile section */
		0E3702BE2B88E03D003D7849 /* project0App.swift in Sources */ = {isa = PBXBuildFile; fileRef = 0E3702BD2B88E03D003D7849 /* project0App.swift */; };
		0E3702C02B88E03D003D7849 /* ContentView.swift in Sources */ = {isa = PBXBuildFile; fileRef = 0E3702BF2B88E03D003D7849 /* ContentView.swift */; };
		0E3702C22B88E03E003D7849 /* Assets.xcassets in Resources */ = {isa = PBXBuildFile; fileRef = 0E3702C12B88E03E003D7849 /* Assets.xcassets */; };
		0E3702C52B88E03E003D7849 /* Preview Assets.xcassets in Resources */ = {isa = PBXBuildFile; fileRef = 0E3702C42B88E03E003D7849 /* Preview Assets.xcassets */; };
		0E3702D02B88E03E003D7849 /* project0Tests.swift in Sources */ = {isa = PBXBuildFile; fileRef = 0E3702CF2B88E03E003D7849 /* project0Tests.swift */; };
		0E3702DA2B88E03E003D7849 /* project0UITests.swift in Sources */ = {isa = PBXBuildFile; fileRef = 0E3702D92B88E03E003D7849 /* project0UITests.swift */; };
		0E3702DC2B88E03E003D7849 /* project0UITestsLaunchTests.swift in Sources */ = {isa = PBXBuildFile; fileRef = 0E3702DB2B88E03E003D7849 /* project0UITestsLaunchTests.swift */; };
/* End PBXBuildFile section */

/* Begin PBXContainerItemProxy section */
		0E3702CC2B88E03E003D7849 /* PBXContainerItemProxy */ = {
			isa = PBXContainerItemProxy;
			containerPortal = 0E3702B22B88E03D003D7849 /* Project object */;
			proxyType = 1;
			remoteGlobalIDString = 0E3702B92B88E03D003D7849;
			remoteInfo = project0;
		};
		0E3702D62B88E03E003D7849 /* PBXContainerItemProxy */ = {
			isa = PBXContainerItemProxy;
			containerPortal = 0E3702B22B88E03D003D7849 /* Project object */;
			proxyType = 1;
			remoteGlobalIDString = 0E3702B92B88E03D003D7849;
			remoteInfo = project0;
		};
/* End PBXContainerItemProxy section */

/* Begin PBXFileReference section */
		0E3702BA2B88E03D003D7849 /* project0.app */ = {isa = PBXFileReference; explicitFileType = wrapper.application; includeInIndex = 0; path = project0.app; sourceTree = BUILT_PRODUCTS_DIR; };
		0E3702BD2B88E03D003D7849 /* project0App.swift */ = {isa = PBXFileReference; lastKnownFileType = sourcecode.swift; path = project0App.swift; sourceTree = "<group>"; };
		0E3702BF2B88E03D003D7849 /* ContentView.swift */ = {isa = PBXFileReference; lastKnownFileType = sourcecode.swift; path = ContentView.swift; sourceTree = "<group>"; };
		0E3702C12B88E03E003D7849 /* Assets.xcassets */ = {isa = PBXFileReference; lastKnownFileType = folder.assetcatalog; path = Assets.xcassets; sourceTree = "<group>"; };
		0E3702C42B88E03E003D7849 /* Preview Assets.xcassets */ = {isa = PBXFileReference; lastKnownFileType = folder.assetcatalog; path = "Preview Assets.xcassets"; sourceTree = "<group>"; };
		0E3702C62B88E03E003D7849 /* project0.entitlements */ = {isa = PBXFileReference; lastKnownFileType = text.plist.entitlements; path = project0.entitlements; sourceTree = "<group>"; };
		0E3702CB2B88E03E003D7849 /* project0Tests.xctest */ = {isa = PBXFileReference; explicitFileType = wrapper.cfbundle; includeInIndex = 0; path = project0Tests.xctest; sourceTree = BUILT_PRODUCTS_DIR; };
		0E3702CF2B88E03E003D7849 /* project0Tests.swift */ = {isa = PBXFileReference; lastKnownFileType = sourcecode.swift; path = project0Tests.swift; sourceTree = "<group>"; };
		0E3702D52B88E03E003D7849 /* project0UITests.xctest */ = {isa = PBXFileReference; explicitFileType = wrapper.cfbundle; includeInIndex = 0; path = project0UITests.xctest; sourceTree = BUILT_PRODUCTS_DIR; };
		0E3702D92B88E03E003D7849 /* project0UITests.swift */ = {isa = PBXFileReference; lastKnownFileType = sourcecode.swift; path = project0UITests.swift; sourceTree = "<group>"; };
		0E3702DB2B88E03E003D7849 /* project0UITestsLaunchTests.swift */ = {isa = PBXFileReference; lastKnownFileType = sourcecode.swift; path = project0UITestsLaunchTests.swift; sourceTree = "<group>"; };
/* End PBXFileReference section */

/* Begin PBXFrameworksBuildPhase section */
		0E3702B72B88E03D003D7849 /* Frameworks */ = {
			isa = PBXFrameworksBuildPhase;
			buildActionMask = 2147483647;
			files = (
			);
			runOnlyForDeploymentPostprocessing = 0;
		};
		0E3702C82B88E03E003D7849 /* Frameworks */ = {
			isa = PBXFrameworksBuildPhase;
			buildActionMask = 2147483647;
			files = (
			);
			runOnlyForDeploymentPostprocessing = 0;
		};
		0E3702D22B88E03E003D7849 /* Frameworks */ = {
			isa = PBXFrameworksBuildPhase;
			buildActionMask = 2147483647;
			files = (
			);
			runOnlyForDeploymentPostprocessing = 0;
		};
/* End PBXFrameworksBuildPhase section */

/* Begin PBXGroup section */
		0E3702B12B88E03D003D7849 = {
			isa = PBXGroup;
			children = (
				0E3702BC2B88E03D003D7849 /* project0 */,
				0E3702CE2B88E03E003D7849 /* project0Tests */,
				0E3702D82B88E03E003D7849 /* project0UITests */,
				0E3702BB2B88E03D003D7849 /* Products */,
			);
			sourceTree = "<group>";
		};
		0E3702BB2B88E03D003D7849 /* Products */ = {
			isa = PBXGroup;
			children = (
				0E3702BA2B88E03D003D7849 /* project0.app */,
				0E3702CB2B88E03E003D7849 /* project0Tests.xctest */,
				0E3702D52B88E03E003D7849 /* project0UITests.xctest */,
			);
			name = Products;
			sourceTree = "<group>";
		};
		0E3702BC2B88E03D003D7849 /* project0 */ = {
			isa = PBXGroup;
			children = (
				0E3702BD2B88E03D003D7849 /* project0App.swift */,
				0E3702BF2B88E03D003D7849 /* ContentView.swift */,
				0E3702C12B88E03E003D7849 /* Assets.xcassets */,
				0E3702C62B88E03E003D7849 /* project0.entitlements */,
				0E3702C32B88E03E003D7849 /* Preview Content */,
			);
			path = project0;
			sourceTree = "<group>";
		};
		0E3702C32B88E03E003D7849 /* Preview Content */ = {
			isa = PBXGroup;
			children = (
				0E3702C42B88E03E003D7849 /* Preview Assets.xcassets */,
			);
			path = "Preview Content";
			sourceTree = "<group>";
		};
		0E3702CE2B88E03E003D7849 /* project0Tests */ = {
			isa = PBXGroup;
			children = (
				0E3702CF2B88E03E003D7849 /* project0Tests.swift */,
			);
			path = project0Tests;
			sourceTree = "<group>";
		};
		0E3702D82B88E03E003D7849 /* project0UITests */ = {
			isa = PBXGroup;
			children = (
				0E3702D92B88E03E003D7849 /* project0UITests.swift */,
				0E3702DB2B88E03E003D7849 /* project0UITestsLaunchTests.swift */,
			);
			path = project0UITests;
			sourceTree = "<group>";
		};
/* End PBXGroup section */

/* Begin PBXNativeTarget section */
		0E3702B92B88E03D003D7849 /* project0 */ = {
			isa = PBXNativeTarget;
			buildConfigurationList = 0E3702DF2B88E03E003D7849 /* Build configuration list for PBXNativeTarget "project0" */;
			buildPhases = (
				0E3702B62B88E03D003D7849 /* Sources */,
				0E3702B72B88E03D003D7849 /* Frameworks */,
				0E3702B82B88E03D003D7849 /* Resources */,
			);
			buildRules = (
			);
			dependencies = (
			);
			name = project0;
			productName = project0;
			productReference = 0E3702BA2B88E03D003D7849 /* project0.app */;
			productType = "com.apple.product-type.application";
		};
		0E3702CA2B88E03E003D7849 /* project0Tests */ = {
			isa = PBXNativeTarget;
			buildConfigurationList = 0E3702E22B88E03E003D7849 /* Build configuration list for PBXNativeTarget "project0Tests" */;
			buildPhases = (
				0E3702C72B88E03E003D7849 /* Sources */,
				0E3702C82B88E03E003D7849 /* Frameworks */,
				0E3702C92B88E03E003D7849 /* Resources */,
			);
			buildRules = (
			);
			dependencies = (
				0E3702CD2B88E03E003D7849 /* PBXTargetDependency */,
			);
			name = project0Tests;
			productName = project0Tests;
			productReference = 0E3702CB2B88E03E003D7849 /* project0Tests.xctest */;
			productType = "com.apple.product-type.bundle.unit-test";
		};
		0E3702D42B88E03E003D7849 /* project0UITests */ = {
			isa = PBXNativeTarget;
			buildConfigurationList = 0E3702E52B88E03E003D7849 /* Build configuration list for PBXNativeTarget "project0UITests" */;
			buildPhases = (
				0E3702D12B88E03E003D7849 /* Sources */,
				0E3702D22B88E03E003D7849 /* Frameworks */,
				0E3702D32B88E03E003D7849 /* Resources */,
			);
			buildRules = (
			);
			dependencies = (
				0E3702D72B88E03E003D7849 /* PBXTargetDependency */,
			);
			name = project0UITests;
			productName = project0UITests;
			productReference = 0E3702D52B88E03E003D7849 /* project0UITests.xctest */;
			productType = "com.apple.product-type.bundle.ui-testing";
		};
/* End PBXNativeTarget section */

/* Begin PBXProject section */
		0E3702B22B88E03D003D7849 /* Project object */ = {
			isa = PBXProject;
			attributes = {
				BuildIndependentTargetsInParallel = 1;
				LastSwiftUpdateCheck = 1520;
				LastUpgradeCheck = 1520;
				TargetAttributes = {
					0E3702B92B88E03D003D7849 = {
						CreatedOnToolsVersion = 15.2;
					};
					0E3702CA2B88E03E003D7849 = {
						CreatedOnToolsVersion = 15.2;
						TestTargetID = 0E3702B92B88E03D003D7849;
					};
					0E3702D42B88E03E003D7849 = {
						CreatedOnToolsVersion = 15.2;
						TestTargetID = 0E3702B92B88E03D003D7849;
					};
				};
			};
			buildConfigurationList = 0E3702B52B88E03D003D7849 /* Build configuration list for PBXProject "project0" */;
			compatibilityVersion = "Xcode 14.0";
			developmentRegion = en;
			hasScannedForEncodings = 0;
			knownRegions = (
				en,
				Base,
			);
			mainGroup = 0E3702B12B88E03D003D7849;
			productRefGroup = 0E3702BB2B88E03D003D7849 /* Products */;
			projectDirPath = "";
			projectRoot = "";
			targets = (
				0E3702B92B88E03D003D7849 /* project0 */,
				0E3702CA2B88E03E003D7849 /* project0Tests */,
				0E3702D42B88E03E003D7849 /* project0UITests */,
			);
		};
/* End PBXProject section */

/* Begin PBXResourcesBuildPhase section */
		0E3702B82B88E03D003D7849 /* Resources */ = {
			isa = PBXResourcesBuildPhase;
			buildActionMask = 2147483647;
			files = (
				0E3702C52B88E03E003D7849 /* Preview Assets.xcassets in Resources */,
				0E3702C22B88E03E003D7849 /* Assets.xcassets in Resources */,
			);
			runOnlyForDeploymentPostprocessing = 0;
		};
		0E3702C92B88E03E003D7849 /* Resources */ = {
			isa = PBXResourcesBuildPhase;
			buildActionMask = 2147483647;
			files = (
			);
			runOnlyForDeploymentPostprocessing = 0;
		};
		0E3702D32B88E03E003D7849 /* Resources */ = {
			isa = PBXResourcesBuildPhase;
			buildActionMask = 2147483647;
			files = (
			);
			runOnlyForDeploymentPostprocessing = 0;
		};
/* End PBXResourcesBuildPhase section */

/* Begin PBXSourcesBuildPhase section */
		0E3702B62B88E03D003D7849 /* Sources */ = {
			isa = PBXSourcesBuildPhase;
			buildActionMask = 2147483647;
			files = (
				0E3702C02B88E03D003D7849 /* ContentView.swift in Sources */,
				0E3702BE2B88E03D003D7849 /* project0App.swift in Sources */,
			);
			runOnlyForDeploymentPostprocessing = 0;
		};
		0E3702C72B88E03E003D7849 /* Sources */ = {
			isa = PBXSourcesBuildPhase;
			buildActionMask = 2147483647;
			files = (
				0E3702D02B88E03E003D7849 /* project0Tests.swift in Sources */,
			);
			runOnlyForDeploymentPostprocessing = 0;
		};
		0E3702D12B88E03E003D7849 /* Sources */ = {
			isa = PBXSourcesBuildPhase;
			buildActionMask = 2147483647;
			files = (
				0E3702DC2B88E03E003D7849 /* project0UITestsLaunchTests.swift in Sources */,
				0E3702DA2B88E03E003D7849 /* project0UITests.swift in Sources */,
			);
			runOnlyForDeploymentPostprocessing = 0;
		};
/* End PBXSourcesBuildPhase section */

/* Begin PBXTargetDependency section */
		0E3702CD2B88E03E003D7849 /* PBXTargetDependency */ = {
			isa = PBXTargetDependency;
			target = 0E3702B92B88E03D003D7849 /* project0 */;
			targetProxy = 0E3702CC2B88E03E003D7849 /* PBXContainerItemProxy */;
		};
		0E3702D72B88E03E003D7849 /* PBXTargetDependency */ = {
			isa = PBXTargetDependency;
			target = 0E3702B92B88E03D003D7849 /* project0 */;
			targetProxy = 0E3702D62B88E03E003D7849 /* PBXContainerItemProxy */;
		};
/* End PBXTargetDependency section */

/* Begin XCBuildConfiguration section */
		0E3702DD2B88E03E003D7849 /* Debug */ = {
			isa = XCBuildConfiguration;
			buildSettings = {
				ALWAYS_SEARCH_USER_PATHS = NO;
				ASSETCATALOG_COMPILER_GENERATE_SWIFT_ASSET_SYMBOL_EXTENSIONS = YES;
				CLANG_ANALYZER_NONNULL = YES;
				CLANG_ANALYZER_NUMBER_OBJECT_CONVERSION = YES_AGGRESSIVE;
				CLANG_CXX_LANGUAGE_STANDARD = "gnu++20";
				CLANG_ENABLE_MODULES = YES;
				CLANG_ENABLE_OBJC_ARC = YES;
				CLANG_ENABLE_OBJC_WEAK = YES;
				CLANG_WARN_BLOCK_CAPTURE_AUTORELEASING = YES;
				CLANG_WARN_BOOL_CONVERSION = YES;
				CLANG_WARN_COMMA = YES;
				CLANG_WARN_CONSTANT_CONVERSION = YES;
				CLANG_WARN_DEPRECATED_OBJC_IMPLEMENTATIONS = YES;
				CLANG_WARN_DIRECT_OBJC_ISA_USAGE = YES_ERROR;
				CLANG_WARN_DOCUMENTATION_COMMENTS = YES;
				CLANG_WARN_EMPTY_BODY = YES;
				CLANG_WARN_ENUM_CONVERSION = YES;
				CLANG_WARN_INFINITE_RECURSION = YES;
				CLANG_WARN_INT_CONVERSION = YES;
				CLANG_WARN_NON_LITERAL_NULL_CONVERSION = YES;
				CLANG_WARN_OBJC_IMPLICIT_RETAIN_SELF = YES;
				CLANG_WARN_OBJC_LITERAL_CONVERSION = YES;
				CLANG_WARN_OBJC_ROOT_CLASS = YES_ERROR;
				CLANG_WARN_QUOTED_INCLUDE_IN_FRAMEWORK_HEADER = YES;
				CLANG_WARN_RANGE_LOOP_ANALYSIS = YES;
				CLANG_WARN_STRICT_PROTOTYPES = YES;
				CLANG_WARN_SUSPICIOUS_MOVE = YES;
				CLANG_WARN_UNGUARDED_AVAILABILITY = YES_AGGRESSIVE;
				CLANG_WARN_UNREACHABLE_CODE = YES;
				CLANG_WARN__DUPLICATE_METHOD_MATCH = YES;
				COPY_PHASE_STRIP = NO;
				DEBUG_INFORMATION_FORMAT = dwarf;
				ENABLE_STRICT_OBJC_MSGSEND = YES;
				ENABLE_TESTABILITY = YES;
				ENABLE_USER_SCRIPT_SANDBOXING = YES;
				GCC_C_LANGUAGE_STANDARD = gnu17;
				GCC_DYNAMIC_NO_PIC = NO;
				GCC_NO_COMMON_BLOCKS = YES;
				GCC_OPTIMIZATION_LEVEL = 0;
				GCC_PREPROCESSOR_DEFINITIONS = (
					"DEBUG=1",
					"$(inherited)",
				);
				GCC_WARN_64_TO_32_BIT_CONVERSION = YES;
				GCC_WARN_ABOUT_RETURN_TYPE = YES_ERROR;
				GCC_WARN_UNDECLARED_SELECTOR = YES;
				GCC_WARN_UNINITIALIZED_AUTOS = YES_AGGRESSIVE;
				GCC_WARN_UNUSED_FUNCTION = YES;
				GCC_WARN_UNUSED_VARIABLE = YES;
				LOCALIZATION_PREFERS_STRING_CATALOGS = YES;
				MACOSX_DEPLOYMENT_TARGET = 13.6;
				MTL_ENABLE_DEBUG_INFO = INCLUDE_SOURCE;
				MTL_FAST_MATH = YES;
				ONLY_ACTIVE_ARCH = YES;
				SDKROOT = macosx;
				SWIFT_ACTIVE_COMPILATION_CONDITIONS = "DEBUG $(inherited)";
				SWIFT_OPTIMIZATION_LEVEL = "-Onone";
			};
			name = Debug;
		};
		0E3702DE2B88E03E003D7849 /* Release */ = {
			isa = XCBuildConfiguration;
			buildSettings = {
				ALWAYS_SEARCH_USER_PATHS = NO;
				ASSETCATALOG_COMPILER_GENERATE_SWIFT_ASSET_SYMBOL_EXTENSIONS = YES;
				CLANG_ANALYZER_NONNULL = YES;
				CLANG_ANALYZER_NUMBER_OBJECT_CONVERSION = YES_AGGRESSIVE;
				CLANG_CXX_LANGUAGE_STANDARD = "gnu++20";
				CLANG_ENABLE_MODULES = YES;
				CLANG_ENABLE_OBJC_ARC = YES;
				CLANG_ENABLE_OBJC_WEAK = YES;
				CLANG_WARN_BLOCK_CAPTURE_AUTORELEASING = YES;
				CLANG_WARN_BOOL_CONVERSION = YES;
				CLANG_WARN_COMMA = YES;
				CLANG_WARN_CONSTANT_CONVERSION = YES;
				CLANG_WARN_DEPRECATED_OBJC_IMPLEMENTATIONS = YES;
				CLANG_WARN_DIRECT_OBJC_ISA_USAGE = YES_ERROR;
				CLANG_WARN_DOCUMENTATION_COMMENTS = YES;
				CLANG_WARN_EMPTY_BODY = YES;
				CLANG_WARN_ENUM_CONVERSION = YES;
				CLANG_WARN_INFINITE_RECURSION = YES;
				CLANG_WARN_INT_CONVERSION = YES;
				CLANG_WARN_NON_LITERAL_NULL_CONVERSION = YES;
				CLANG_WARN_OBJC_IMPLICIT_RETAIN_SELF = YES;
				CLANG_WARN_OBJC_LITERAL_CONVERSION = YES;
				CLANG_WARN_OBJC_ROOT_CLASS = YES_ERROR;
				CLANG_WARN_QUOTED_INCLUDE_IN_FRAMEWORK_HEADER = YES;
				CLANG_WARN_RANGE_LOOP_ANALYSIS = YES;
				CLANG_WARN_STRICT_PROTOTYPES = YES;
				CLANG_WARN_SUSPICIOUS_MOVE = YES;
				CLANG_WARN_UNGUARDED_AVAILABILITY = YES_AGGRESSIVE;
				CLANG_WARN_UNREACHABLE_CODE = YES;
				CLANG_WARN__DUPLICATE_METHOD_MATCH = YES;
				COPY_PHASE_STRIP = NO;
				DEBUG_INFORMATION_FORMAT = "dwarf-with-dsym";
				ENABLE_NS_ASSERTIONS = NO;
				ENABLE_STRICT_OBJC_MSGSEND = YES;
				ENABLE_USER_SCRIPT_SANDBOXING = YES;
				GCC_C_LANGUAGE_STANDARD = gnu17;
				GCC_NO_COMMON_BLOCKS = YES;
				GCC_WARN_64_TO_32_BIT_CONVERSION = YES;
				GCC_WARN_ABOUT_RETURN_TYPE = YES_ERROR;
				GCC_WARN_UNDECLARED_SELECTOR = YES;
				GCC_WARN_UNINITIALIZED_AUTOS = YES_AGGRESSIVE;
				GCC_WARN_UNUSED_FUNCTION = YES;
				GCC_WARN_UNUSED_VARIABLE = YES;
				LOCALIZATION_PREFERS_STRING_CATALOGS = YES;
				MACOSX_DEPLOYMENT_TARGET = 13.6;
				MTL_ENABLE_DEBUG_INFO = NO;
				MTL_FAST_MATH = YES;
				SDKROOT = macosx;
				SWIFT_COMPILATION_MODE = wholemodule;
			};
			name = Release;
		};
		0E3702E02B88E03E003D7849 /* Debug */ = {
			isa = XCBuildConfiguration;
			buildSettings = {
				ASSETCATALOG_COMPILER_APPICON_NAME = AppIcon;
				ASSETCATALOG_COMPILER_GLOBAL_ACCENT_COLOR_NAME = AccentColor;
				CODE_SIGN_ENTITLEMENTS = project0/project0.entitlements;
				CODE_SIGN_STYLE = Automatic;
				COMBINE_HIDPI_IMAGES = YES;
				CURRENT_PROJECT_VERSION = 1;
				DEVELOPMENT_ASSET_PATHS = "\"project0/Preview Content\"";
				ENABLE_PREVIEWS = YES;
				GENERATE_INFOPLIST_FILE = YES;
				INFOPLIST_KEY_NSHumanReadableCopyright = "";
				LD_RUNPATH_SEARCH_PATHS = (
					"$(inherited)",
					"@executable_path/../Frameworks",
				);
				MARKETING_VERSION = 1.0;
				NEW_SETTING = "";
				PRODUCT_BUNDLE_IDENTIFIER = com.project0;
				PRODUCT_NAME = "$(TARGET_NAME)";
				SWIFT_EMIT_LOC_STRINGS = YES;
				SWIFT_VERSION = 5.0;
			};
			name = Debug;
		};
		0E3702E12B88E03E003D7849 /* Release */ = {
			isa = XCBuildConfiguration;
			buildSettings = {
				ASSETCATALOG_COMPILER_APPICON_NAME = AppIcon;
				ASSETCATALOG_COMPILER_GLOBAL_ACCENT_COLOR_NAME = AccentColor;
				CODE_SIGN_ENTITLEMENTS = project0/project0.entitlements;
				CODE_SIGN_STYLE = Automatic;
				COMBINE_HIDPI_IMAGES = YES;
				CURRENT_PROJECT_VERSION = 1;
				DEVELOPMENT_ASSET_PATHS = "\"project0/Preview Content\"";
				ENABLE_PREVIEWS = YES;
				GENERATE_INFOPLIST_FILE = YES;
				INFOPLIST_KEY_NSHumanReadableCopyright = "";
				LD_RUNPATH_SEARCH_PATHS = (
					"$(inherited)",
					"@executable_path/../Frameworks",
				);
				MARKETING_VERSION = 1.0;
				NEW_SETTING = "";
				PRODUCT_BUNDLE_IDENTIFIER = com.project0;
				PRODUCT_NAME = "$(TARGET_NAME)";
				SWIFT_EMIT_LOC_STRINGS = YES;
				SWIFT_VERSION = 5.0;
			};
			name = Release;
		};
		0E3702E32B88E03E003D7849 /* Debug */ = {
			isa = XCBuildConfiguration;
			buildSettings = {
				ALWAYS_EMBED_SWIFT_STANDARD_LIBRARIES = YES;
				BUNDLE_LOADER = "$(TEST_HOST)";
				CODE_SIGN_STYLE = Automatic;
				CURRENT_PROJECT_VERSION = 1;
				GENERATE_INFOPLIST_FILE = YES;
				MACOSX_DEPLOYMENT_TARGET = 13.6;
				MARKETING_VERSION = 1.0;
				PRODUCT_BUNDLE_IDENTIFIER = com.project0Tests;
				PRODUCT_NAME = "$(TARGET_NAME)";
				SWIFT_EMIT_LOC_STRINGS = NO;
				SWIFT_VERSION = 5.0;
				TEST_HOST = "$(BUILT_PRODUCTS_DIR)/project0.app/$(BUNDLE_EXECUTABLE_FOLDER_PATH)/project0";
			};
			name = Debug;
		};
		0E3702E42B88E03E003D7849 /* Release */ = {
			isa = XCBuildConfiguration;
			buildSettings = {
				ALWAYS_EMBED_SWIFT_STANDARD_LIBRARIES = YES;
				BUNDLE_LOADER = "$(TEST_HOST)";
				CODE_SIGN_STYLE = Automatic;
				CURRENT_PROJECT_VERSION = 1;
				GENERATE_INFOPLIST_FILE = YES;
				MACOSX_DEPLOYMENT_TARGET = 13.6;
				MARKETING_VERSION = 1.0;
				PRODUCT_BUNDLE_IDENTIFIER = com.project0Tests;
				PRODUCT_NAME = "$(TARGET_NAME)";
				SWIFT_EMIT_LOC_STRINGS = NO;
				SWIFT_VERSION = 5.0;
				TEST_HOST = "$(BUILT_PRODUCTS_DIR)/project0.app/$(BUNDLE_EXECUTABLE_FOLDER_PATH)/project0";
			};
			name = Release;
		};
		0E3702E62B88E03E003D7849 /* Debug */ = {
			isa = XCBuildConfiguration;
			buildSettings = {
				ALWAYS_EMBED_SWIFT_STANDARD_LIBRARIES = YES;
				CODE_SIGN_STYLE = Automatic;
				CURRENT_PROJECT_VERSION = 1;
				GENERATE_INFOPLIST_FILE = YES;
				MARKETING_VERSION = 1.0;
				PRODUCT_BUNDLE_IDENTIFIER = com.project0UITests;
				PRODUCT_NAME = "$(TARGET_NAME)";
				SWIFT_EMIT_LOC_STRINGS = NO;
				SWIFT_VERSION = 5.0;
				TEST_TARGET_NAME = project0;
			};
			name = Debug;
		};
		0E3702E72B88E03E003D7849 /* Release */ = {
			isa = XCBuildConfiguration;
			buildSettings = {
				ALWAYS_EMBED_SWIFT_STANDARD_LIBRARIES = YES;
				CODE_SIGN_STYLE = Automatic;
				CURRENT_PROJECT_VERSION = 1;
				GENERATE_INFOPLIST_FILE = YES;
				MARKETING_VERSION = 1.0;
				PRODUCT_BUNDLE_IDENTIFIER = com.project0UITests;
				PRODUCT_NAME = "$(TARGET_NAME)";
				SWIFT_EMIT_LOC_STRINGS = NO;
				SWIFT_VERSION = 5.0;
				TEST_TARGET_NAME = project0;
			};
			name = Release;
		};
/* End XCBuildConfiguration section */

/* Begin XCConfigurationList section */
		0E3702B52B88E03D003D7849 /* Build configuration list for PBXProject "project0" */ = {
			isa = XCConfigurationList;
			buildConfigurations = (
				0E3702DD2B88E03E003D7849 /* Debug */,
				0E3702DE2B88E03E003D7849 /* Release */,
			);
			defaultConfigurationIsVisible = 0;
			defaultConfigurationName = Release;
		};
		0E3702DF2B88E03E003D7849 /* Build configuration list for PBXNativeTarget "project0" */ = {
			isa = XCConfigurationList;
			buildConfigurations = (
				0E3702E02B88E03E003D7849 /* Debug */,
				0E3702E12B88E03E003D7849 /* Release */,
			);
			defaultConfigurationIsVisible = 0;
			defaultConfigurationName = Release;
		};
		0E3702E22B88E03E003D7849 /* Build configuration list for PBXNativeTarget "project0Tests" */ = {
			isa = XCConfigurationList;
			buildConfigurations = (
				0E3702E32B88E03E003D7849 /* Debug */,
				0E3702E42B88E03E003D7849 /* Release */,
			);
			defaultConfigurationIsVisible = 0;
			defaultConfigurationName = Release;
		};
		0E3702E52B88E03E003D7849 /* Build configuration list for PBXNativeTarget "project0UITests" */ = {
			isa = XCConfigurationList;
			buildConfigurations = (
				0E3702E62B88E03E003D7849 /* Debug */,
				0E3702E72B88E03E003D7849 /* Release */,
			);
			defaultConfigurationIsVisible = 0;
			defaultConfigurationName = Release;
		};
/* End XCConfigurationList section */
	};
	rootObject = 0E3702B22B88E03D003D7849 /* Project object */;
}
